
Microsoft Visual Studio Solution File, Format Version 12.00
# Visual Studio 15
VisualStudioVersion = 15.0.26124.0
MinimumVisualStudioVersion = 15.0.26124.0
Project("{FAE04EC0-301F-11D3-BF4B-00C04F79EFBC}") = "API", "API\API.csproj", "{71B15CC9-AD8F-4306-B470-D57A4481B6DA}"
EndProject
Project("{FAE04EC0-301F-11D3-BF4B-00C04F79EFBC}") = "Core", "Core\Core.csproj", "{C1719912-59F1-4759-B31E-37083140D0C0}"
EndProject
Project("{FAE04EC0-301F-11D3-BF4B-00C04F79EFBC}") = "Infrastructure", "Infrastructure\Infrastructure.csproj", "{B3D32A5A-DA09-46A8-BF1E-62EF9F626421}"
EndProject
Global
	GlobalSection(SolutionConfigurationPlatforms) = preSolution
		Debug|Any CPU = Debug|Any CPU
		Debug|x64 = Debug|x64
		Debug|x86 = Debug|x86
		Release|Any CPU = Release|Any CPU
		Release|x64 = Release|x64
		Release|x86 = Release|x86
	EndGlobalSection
	GlobalSection(SolutionProperties) = preSolution
		HideSolutionNode = FALSE
	EndGlobalSection
	GlobalSection(ProjectConfigurationPlatforms) = postSolution
		{71B15CC9-AD8F-4306-B470-D57A4481B6DA}.Debug|Any CPU.ActiveCfg = Debug|Any CPU
		{71B15CC9-AD8F-4306-B470-D57A4481B6DA}.Debug|Any CPU.Build.0 = Debug|Any CPU
		{71B15CC9-AD8F-4306-B470-D57A4481B6DA}.Debug|x64.ActiveCfg = Debug|Any CPU
		{71B15CC9-AD8F-4306-B470-D57A4481B6DA}.Debug|x64.Build.0 = Debug|Any CPU
		{71B15CC9-AD8F-4306-B470-D57A4481B6DA}.Debug|x86.ActiveCfg = Debug|Any CPU
		{71B15CC9-AD8F-4306-B470-D57A4481B6DA}.Debug|x86.Build.0 = Debug|Any CPU
		{71B15CC9-AD8F-4306-B470-D57A4481B6DA}.Release|Any CPU.ActiveCfg = Release|Any CPU
		{71B15CC9-AD8F-4306-B470-D57A4481B6DA}.Release|Any CPU.Build.0 = Release|Any CPU
		{71B15CC9-AD8F-4306-B470-D57A4481B6DA}.Release|x64.ActiveCfg = Release|Any CPU
		{71B15CC9-AD8F-4306-B470-D57A4481B6DA}.Release|x64.Build.0 = Release|Any CPU
		{71B15CC9-AD8F-4306-B470-D57A4481B6DA}.Release|x86.ActiveCfg = Release|Any CPU
		{71B15CC9-AD8F-4306-B470-D57A4481B6DA}.Release|x86.Build.0 = Release|Any CPU
		{C1719912-59F1-4759-B31E-37083140D0C0}.Debug|Any CPU.ActiveCfg = Debug|Any CPU
		{C1719912-59F1-4759-B31E-37083140D0C0}.Debug|Any CPU.Build.0 = Debug|Any CPU
		{C1719912-59F1-4759-B31E-37083140D0C0}.Debug|x64.ActiveCfg = Debug|Any CPU
		{C1719912-59F1-4759-B31E-37083140D0C0}.Debug|x64.Build.0 = Debug|Any CPU
		{C1719912-59F1-4759-B31E-37083140D0C0}.Debug|x86.ActiveCfg = Debug|Any CPU
		{C1719912-59F1-4759-B31E-37083140D0C0}.Debug|x86.Build.0 = Debug|Any CPU
		{C1719912-59F1-4759-B31E-37083140D0C0}.Release|Any CPU.ActiveCfg = Release|Any CPU
		{C1719912-59F1-4759-B31E-37083140D0C0}.Release|Any CPU.Build.0 = Release|Any CPU
		{C1719912-59F1-4759-B31E-37083140D0C0}.Release|x64.ActiveCfg = Release|Any CPU
		{C1719912-59F1-4759-B31E-37083140D0C0}.Release|x64.Build.0 = Release|Any CPU
		{C1719912-59F1-4759-B31E-37083140D0C0}.Release|x86.ActiveCfg = Release|Any CPU
		{C1719912-59F1-4759-B31E-37083140D0C0}.Release|x86.Build.0 = Release|Any CPU
		{B3D32A5A-DA09-46A8-BF1E-62EF9F626421}.Debug|Any CPU.ActiveCfg = Debug|Any CPU
		{B3D32A5A-DA09-46A8-BF1E-62EF9F626421}.Debug|Any CPU.Build.0 = Debug|Any CPU
		{B3D32A5A-DA09-46A8-BF1E-62EF9F626421}.Debug|x64.ActiveCfg = Debug|Any CPU
		{B3D32A5A-DA09-46A8-BF1E-62EF9F626421}.Debug|x64.Build.0 = Debug|Any CPU
		{B3D32A5A-DA09-46A8-BF1E-62EF9F626421}.Debug|x86.ActiveCfg = Debug|Any CPU
		{B3D32A5A-DA09-46A8-BF1E-62EF9F626421}.Debug|x86.Build.0 = Debug|Any CPU
		{B3D32A5A-DA09-46A8-BF1E-62EF9F626421}.Release|Any CPU.ActiveCfg = Release|Any CPU
		{B3D32A5A-DA09-46A8-BF1E-62EF9F626421}.Release|Any CPU.Build.0 = Release|Any CPU
		{B3D32A5A-DA09-46A8-BF1E-62EF9F626421}.Release|x64.ActiveCfg = Release|Any CPU
		{B3D32A5A-DA09-46A8-BF1E-62EF9F626421}.Release|x64.Build.0 = Release|Any CPU
		{B3D32A5A-DA09-46A8-BF1E-62EF9F626421}.Release|x86.ActiveCfg = Release|Any CPU
		{B3D32A5A-DA09-46A8-BF1E-62EF9F626421}.Release|x86.Build.0 = Release|Any CPU
	EndGlobalSection
EndGlobal
